
Microsoft Visual Studio Solution File, Format Version 12.00
# Visual Studio 15
VisualStudioVersion = 15.0.28307.329
MinimumVisualStudioVersion = 10.0.40219.1
Project("{FAE04EC0-301F-11D3-BF4B-00C04F79EFBC}") = "SystemWeb.Service", "System.Service\SystemWeb.Service.csproj", "{A19F7385-667C-4BCB-9F9C-F8E0A19E9537}"
EndProject
Project("{FAE04EC0-301F-11D3-BF4B-00C04F79EFBC}") = "SystemWeb.Model", "System.Model\SystemWeb.Model.csproj", "{7117D884-385F-4037-A1D0-21C8EFE3D46F}"
EndProject
Project("{FAE04EC0-301F-11D3-BF4B-00C04F79EFBC}") = "SystemWeb.Data", "System.Data\SystemWeb.Data.csproj", "{79EA8A60-9260-4C3A-A74C-DD58EC4219AA}"
EndProject
Project("{FAE04EC0-301F-11D3-BF4B-00C04F79EFBC}") = "SystemWeb.Common", "System.Common\SystemWeb.Common.csproj", "{17827868-F1C5-409E-A34B-C36F9FC16B55}"
EndProject
Project("{FAE04EC0-301F-11D3-BF4B-00C04F79EFBC}") = "SystemWeb.Web", "SystemWeb.Web\SystemWeb.Web.csproj", "{5A8C20B4-8AD3-4D78-9038-41A84B19D9E5}"
EndProject
Global
	GlobalSection(SolutionConfigurationPlatforms) = preSolution
		Debug|Any CPU = Debug|Any CPU
		Release|Any CPU = Release|Any CPU
	EndGlobalSection
	GlobalSection(ProjectConfigurationPlatforms) = postSolution
		{A19F7385-667C-4BCB-9F9C-F8E0A19E9537}.Debug|Any CPU.ActiveCfg = Debug|Any CPU
		{A19F7385-667C-4BCB-9F9C-F8E0A19E9537}.Debug|Any CPU.Build.0 = Debug|Any CPU
		{A19F7385-667C-4BCB-9F9C-F8E0A19E9537}.Release|Any CPU.ActiveCfg = Release|Any CPU
		{A19F7385-667C-4BCB-9F9C-F8E0A19E9537}.Release|Any CPU.Build.0 = Release|Any CPU
		{7117D884-385F-4037-A1D0-21C8EFE3D46F}.Debug|Any CPU.ActiveCfg = Debug|Any CPU
		{7117D884-385F-4037-A1D0-21C8EFE3D46F}.Debug|Any CPU.Build.0 = Debug|Any CPU
		{7117D884-385F-4037-A1D0-21C8EFE3D46F}.Release|Any CPU.ActiveCfg = Release|Any CPU
		{7117D884-385F-4037-A1D0-21C8EFE3D46F}.Release|Any CPU.Build.0 = Release|Any CPU
		{79EA8A60-9260-4C3A-A74C-DD58EC4219AA}.Debug|Any CPU.ActiveCfg = Debug|Any CPU
		{79EA8A60-9260-4C3A-A74C-DD58EC4219AA}.Debug|Any CPU.Build.0 = Debug|Any CPU
		{79EA8A60-9260-4C3A-A74C-DD58EC4219AA}.Release|Any CPU.ActiveCfg = Release|Any CPU
		{79EA8A60-9260-4C3A-A74C-DD58EC4219AA}.Release|Any CPU.Build.0 = Release|Any CPU
		{17827868-F1C5-409E-A34B-C36F9FC16B55}.Debug|Any CPU.ActiveCfg = Debug|Any CPU
		{17827868-F1C5-409E-A34B-C36F9FC16B55}.Debug|Any CPU.Build.0 = Debug|Any CPU
		{17827868-F1C5-409E-A34B-C36F9FC16B55}.Release|Any CPU.ActiveCfg = Release|Any CPU
		{17827868-F1C5-409E-A34B-C36F9FC16B55}.Release|Any CPU.Build.0 = Release|Any CPU
		{5A8C20B4-8AD3-4D78-9038-41A84B19D9E5}.Debug|Any CPU.ActiveCfg = Debug|Any CPU
		{5A8C20B4-8AD3-4D78-9038-41A84B19D9E5}.Release|Any CPU.ActiveCfg = Release|Any CPU
		{5A8C20B4-8AD3-4D78-9038-41A84B19D9E5}.Release|Any CPU.Build.0 = Release|Any CPU
	EndGlobalSection
	GlobalSection(SolutionProperties) = preSolution
		HideSolutionNode = FALSE
	EndGlobalSection
	GlobalSection(ExtensibilityGlobals) = postSolution
		SolutionGuid = {540BDC66-5924-4A39-9FA0-4ED04D4EB7A0}
	EndGlobalSection
EndGlobal
